
Microsoft Visual Studio Solution File, Format Version 12.00
# Visual Studio Version 17
VisualStudioVersion = 17.1.32421.90
MinimumVisualStudioVersion = 10.0.40219.1
Project("{FAE04EC0-301F-11D3-BF4B-00C04F79EFBC}") = "MegaDesk-Kevin", "MegaDesk-Kevin\MegaDesk-Kevin.csproj", "{6810C9D7-6A27-4B7F-8DC8-44C68651FC9C}"
EndProject
Global
	GlobalSection(SolutionConfigurationPlatforms) = preSolution
		Debug|Any CPU = Debug|Any CPU
		Release|Any CPU = Release|Any CPU
	EndGlobalSection
	GlobalSection(ProjectConfigurationPlatforms) = postSolution
		{6810C9D7-6A27-4B7F-8DC8-44C68651FC9C}.Debug|Any CPU.ActiveCfg = Debug|Any CPU
		{6810C9D7-6A27-4B7F-8DC8-44C68651FC9C}.Debug|Any CPU.Build.0 = Debug|Any CPU
		{6810C9D7-6A27-4B7F-8DC8-44C68651FC9C}.Release|Any CPU.ActiveCfg = Release|Any CPU
		{6810C9D7-6A27-4B7F-8DC8-44C68651FC9C}.Release|Any CPU.Build.0 = Release|Any CPU
	EndGlobalSection
	GlobalSection(SolutionProperties) = preSolution
		HideSolutionNode = FALSE
	EndGlobalSection
	GlobalSection(ExtensibilityGlobals) = postSolution
		SolutionGuid = {61612B2C-7B29-4A4C-9636-A5092B9C8EA8}
	EndGlobalSection
EndGlobal
